{
  "version": 1,
  "resolved_at": "2026-08-31T11:33:38Z",
  "engine": "rein 0.1.0-dev",
  "adapter": {
    "name": "claude-code",
    "version": "0.1.0"
  },
  "layers": [
    {
      "id": "overrides",
      "source": "local"
    },
    {
      "id": "core",
      "source": "embedded@0.1.0-dev"
    }
  ],
  "files": {
    ".claude/skills/rein-decide/SKILL.md": {
      "layer": "core",
      "component": "procedure-decide@0.1.0",
      "hash": "sha256:9c422f96d5432df4c325c84cd584e7a3c640c439657df9e912a1ec84f5448bf1",
      "shadowed": null,
      "refs": [
        "procedure-decide@0.1.0"
      ]
    },
    ".claude/skills/rein-diagnose/SKILL.md": {
      "layer": "core",
      "component": "procedure-diagnose@0.4.0",
      "hash": "sha256:f88130d19b11ead1af208af2110b97912957aecacd0426a44cc39db64433ef13",
      "shadowed": null,
      "refs": [
        "procedure-diagnose@0.4.0"
      ]
    },
    ".claude/skills/rein-setup/SKILL.md": {
      "layer": "core",
      "component": "procedure-setup@0.7.0",
      "hash": "sha256:6518edc7d719173f823fd9f4dc9870a0b50f72c166ba1825c05f3a8e18c9ce9e",
      "shadowed": null,
      "refs": [
        "procedure-setup@0.7.0"
      ]
    },
    ".rein/state/DEBT.md": {
      "layer": "core",
      "component": "state-base@0.3.0",
      "hash": "sha256:ab19c95f4f83eda5805177a77dc9ee9ccabecd6091f8d47885ba5535741f4fd3",
      "seed": true,
      "shadowed": null,
      "refs": [
        "state-base@0.3.0"
      ]
    },
    ".rein/state/PROGRESS.md": {
      "layer": "core",
      "component": "state-base@0.3.0",
      "hash": "sha256:d830d77e80d8bb4a88d1b7b18cf13947075b547d1e5e066d4528eed9a99fbc0a",
      "seed": true,
      "shadowed": null,
      "refs": [
        "state-base@0.3.0"
      ]
    },
    "CLAUDE.md": {
      "layer": "render",
      "component": "instructions-base@0.2.0, local-overrides@local, verification-gate@0.2.0, state-base@0.3.0",
      "hash": "sha256:dd7ccfebfb3d4a0713ade5686d04ccca2abf1929fbcb7b8e62ca53a3fbaf5dab",
      "shadowed": null,
      "refs": [
        "instructions-base@0.2.0",
        "local-overrides@local",
        "verification-gate@0.2.0",
        "state-base@0.3.0"
      ]
    },
    "scripts/verify": {
      "layer": "overrides",
      "component": "local-overrides@local",
      "hash": "sha256:ea325e1f777e89edd20a45c3545426bd25f6fe14a1cc741b014c40d27d9f0153",
      "shadowed": [
        "verification-gate@0.2.0"
      ],
      "refs": [
        "local-overrides@local"
      ]
    }
  }
}
