{
  "version": 1,
  "resolved_at": "2026-08-31T17:32:57Z",
  "engine": "rein 0.2.0-dev",
  "adapter": {
    "name": "claude-code",
    "version": "0.1.0"
  },
  "layers": [
    {
      "id": "overrides",
      "source": "local"
    },
    {
      "id": "core",
      "source": "embedded@0.2.0-dev/standard"
    }
  ],
  "files": {
    ".claude/skills/rein-decide/SKILL.md": {
      "layer": "core",
      "component": "procedure-decide@0.1.0",
      "hash": "sha256:9c422f96d5432df4c325c84cd584e7a3c640c439657df9e912a1ec84f5448bf1",
      "shadowed": null,
      "refs": [
        "procedure-decide@0.1.0"
      ]
    },
    ".claude/skills/rein-diagnose/SKILL.md": {
      "layer": "core",
      "component": "procedure-diagnose@0.4.0",
      "hash": "sha256:f88130d19b11ead1af208af2110b97912957aecacd0426a44cc39db64433ef13",
      "shadowed": null,
      "refs": [
        "procedure-diagnose@0.4.0"
      ]
    },
    ".claude/skills/rein-evolve/SKILL.md": {
      "layer": "core",
      "component": "procedure-evolve@0.1.0",
      "hash": "sha256:434b28e8793db1cd193376afe932e34cafb7b4a3fbe0bfc1c34b53e69e5c5480",
      "shadowed": null,
      "refs": [
        "procedure-evolve@0.1.0"
      ]
    },
    ".claude/skills/rein-setup/SKILL.md": {
      "layer": "core",
      "component": "procedure-setup@0.8.0",
      "hash": "sha256:1f6c0ded9b254718c3545173555d803e9c41071428a3827a37303d1727744154",
      "shadowed": null,
      "refs": [
        "procedure-setup@0.8.0"
      ]
    },
    ".rein/state/DEBT.md": {
      "layer": "core",
      "component": "state-base@0.3.0",
      "hash": "sha256:ab19c95f4f83eda5805177a77dc9ee9ccabecd6091f8d47885ba5535741f4fd3",
      "seed": true,
      "shadowed": null,
      "refs": [
        "state-base@0.3.0"
      ]
    },
    ".rein/state/PROGRESS.md": {
      "layer": "core",
      "component": "state-base@0.3.0",
      "hash": "sha256:d830d77e80d8bb4a88d1b7b18cf13947075b547d1e5e066d4528eed9a99fbc0a",
      "seed": true,
      "shadowed": null,
      "refs": [
        "state-base@0.3.0"
      ]
    },
    "CLAUDE.md": {
      "layer": "render",
      "component": "instructions-base@0.3.0, local-overrides@local, verification-gate@0.2.0, state-base@0.3.0",
      "hash": "sha256:128829746134d98668969728bc3192398410853a81981bf8c609cc8a7c91fcba",
      "shadowed": null,
      "refs": [
        "instructions-base@0.3.0",
        "local-overrides@local",
        "verification-gate@0.2.0",
        "state-base@0.3.0"
      ]
    },
    "scripts/verify": {
      "layer": "overrides",
      "component": "local-overrides@local",
      "hash": "sha256:ea325e1f777e89edd20a45c3545426bd25f6fe14a1cc741b014c40d27d9f0153",
      "shadowed": [
        "verification-gate@0.2.0"
      ],
      "refs": [
        "local-overrides@local"
      ]
    }
  }
}
